
Microsoft Visual Studio Solution File, Format Version 12.00
# Visual Studio Version 16
VisualStudioVersion = 16.0.35325.158
MinimumVisualStudioVersion = 10.0.40219.1
Project("{FAE04EC0-301F-11D3-BF4B-00C04F79EFBC}") = "BETaskCustomerAPI", "BETaskCustomerAPI\BETaskCustomerAPI.csproj", "{DC791D41-6C67-4385-8578-EA11CBA4705A}"
EndProject
Global
	GlobalSection(SolutionConfigurationPlatforms) = preSolution
		Debug|Any CPU = Debug|Any CPU
		Release|Any CPU = Release|Any CPU
	EndGlobalSection
	GlobalSection(ProjectConfigurationPlatforms) = postSolution
		{DC791D41-6C67-4385-8578-EA11CBA4705A}.Debug|Any CPU.ActiveCfg = Debug|Any CPU
		{DC791D41-6C67-4385-8578-EA11CBA4705A}.Debug|Any CPU.Build.0 = Debug|Any CPU
		{DC791D41-6C67-4385-8578-EA11CBA4705A}.Release|Any CPU.ActiveCfg = Release|Any CPU
		{DC791D41-6C67-4385-8578-EA11CBA4705A}.Release|Any CPU.Build.0 = Release|Any CPU
	EndGlobalSection
	GlobalSection(SolutionProperties) = preSolution
		HideSolutionNode = FALSE
	EndGlobalSection
	GlobalSection(ExtensibilityGlobals) = postSolution
		SolutionGuid = {E256FEFE-B0C6-48C8-992C-A13FA246B5DF}
	EndGlobalSection
	GlobalSection(TeamFoundationVersionControl) = preSolution
		SccNumberOfProjects = 1
		SccEnterpriseProvider = {4CA58AB2-18FA-4F8D-95D4-32DDF27D184C}
		SccTeamFoundationServer = https://q10projects.visualstudio.com/
		SccProjectUniqueName0 = BETaskCustomerAPI\\BETaskCustomerAPI.csproj
		SccProjectName0 = BETaskCustomerAPI
		SccAuxPath0 = https://q10projects.visualstudio.com
		SccLocalPath0 = BETaskCustomerAPI
		SccProvider0 = {4CA58AB2-18FA-4F8D-95D4-32DDF27D184C}
	EndGlobalSection
EndGlobal
